
Microsoft Visual Studio Solution File, Format Version 12.00
# Visual Studio Version 16
VisualStudioVersion = 16.0.29411.108
MinimumVisualStudioVersion = 10.0.40219.1
Project("{FAE04EC0-301F-11D3-BF4B-00C04F79EFBC}") = "Snake", "Snake\Snake.csproj", "{ED8CB2BC-7B63-418E-ADEB-A7F53EC96ECD}"
EndProject
Global
	GlobalSection(SolutionConfigurationPlatforms) = preSolution
		Debug|Any CPU = Debug|Any CPU
		Release|Any CPU = Release|Any CPU
	EndGlobalSection
	GlobalSection(ProjectConfigurationPlatforms) = postSolution
		{ED8CB2BC-7B63-418E-ADEB-A7F53EC96ECD}.Debug|Any CPU.ActiveCfg = Debug|Any CPU
		{ED8CB2BC-7B63-418E-ADEB-A7F53EC96ECD}.Debug|Any CPU.Build.0 = Debug|Any CPU
		{ED8CB2BC-7B63-418E-ADEB-A7F53EC96ECD}.Release|Any CPU.ActiveCfg = Release|Any CPU
		{ED8CB2BC-7B63-418E-ADEB-A7F53EC96ECD}.Release|Any CPU.Build.0 = Release|Any CPU
	EndGlobalSection
	GlobalSection(SolutionProperties) = preSolution
		HideSolutionNode = FALSE
	EndGlobalSection
	GlobalSection(ExtensibilityGlobals) = postSolution
		SolutionGuid = {FAA8A147-2459-4C7C-845E-F87D352E917E}
	EndGlobalSection
EndGlobal
